
Microsoft Visual Studio Solution File, Format Version 12.00
# Visual Studio Version 17
VisualStudioVersion = 17.9.34714.143
MinimumVisualStudioVersion = 10.0.40219.1
Project("{FAE04EC0-301F-11D3-BF4B-00C04F79EFBC}") = "CampingWebAssembly", "CampingWebAssembly\CampingWebAssembly.csproj", "{4A9A0CB7-B24A-4433-B96B-80267D77711B}"
EndProject
Global
	GlobalSection(SolutionConfigurationPlatforms) = preSolution
		Debug|Any CPU = Debug|Any CPU
		Release|Any CPU = Release|Any CPU
	EndGlobalSection
	GlobalSection(ProjectConfigurationPlatforms) = postSolution
		{4A9A0CB7-B24A-4433-B96B-80267D77711B}.Debug|Any CPU.ActiveCfg = Debug|Any CPU
		{4A9A0CB7-B24A-4433-B96B-80267D77711B}.Debug|Any CPU.Build.0 = Debug|Any CPU
		{4A9A0CB7-B24A-4433-B96B-80267D77711B}.Release|Any CPU.ActiveCfg = Release|Any CPU
		{4A9A0CB7-B24A-4433-B96B-80267D77711B}.Release|Any CPU.Build.0 = Release|Any CPU
	EndGlobalSection
	GlobalSection(SolutionProperties) = preSolution
		HideSolutionNode = FALSE
	EndGlobalSection
	GlobalSection(ExtensibilityGlobals) = postSolution
		SolutionGuid = {C789F87C-0DE9-44A0-95AC-2F08DED7CAE5}
	EndGlobalSection
EndGlobal
